
Microsoft Visual Studio Solution File, Format Version 12.00
# Visual Studio 15
VisualStudioVersion = 15.0.26124.0
MinimumVisualStudioVersion = 15.0.26124.0
Project("{FAE04EC0-301F-11D3-BF4B-00C04F79EFBC}") = "CatalogApi", "CatalogApi\CatalogApi.csproj", "{64091A5B-0868-4421-9E0B-8DB15F79977E}"
EndProject
Project("{FAE04EC0-301F-11D3-BF4B-00C04F79EFBC}") = "OrdersApi", "OrdersApi\OrdersApi.csproj", "{368803E4-9AFD-4FAA-8E46-5C89355C16CE}"
EndProject
Project("{FAE04EC0-301F-11D3-BF4B-00C04F79EFBC}") = "GatewayApi", "GatewayApi\GatewayApi.csproj", "{523B2708-F3BD-43F6-B485-A19ABAC1D99C}"
EndProject
Global
	GlobalSection(SolutionConfigurationPlatforms) = preSolution
		Debug|Any CPU = Debug|Any CPU
		Debug|x64 = Debug|x64
		Debug|x86 = Debug|x86
		Release|Any CPU = Release|Any CPU
		Release|x64 = Release|x64
		Release|x86 = Release|x86
	EndGlobalSection
	GlobalSection(SolutionProperties) = preSolution
		HideSolutionNode = FALSE
	EndGlobalSection
	GlobalSection(ProjectConfigurationPlatforms) = postSolution
		{64091A5B-0868-4421-9E0B-8DB15F79977E}.Debug|Any CPU.ActiveCfg = Debug|Any CPU
		{64091A5B-0868-4421-9E0B-8DB15F79977E}.Debug|Any CPU.Build.0 = Debug|Any CPU
		{64091A5B-0868-4421-9E0B-8DB15F79977E}.Debug|x64.ActiveCfg = Debug|Any CPU
		{64091A5B-0868-4421-9E0B-8DB15F79977E}.Debug|x64.Build.0 = Debug|Any CPU
		{64091A5B-0868-4421-9E0B-8DB15F79977E}.Debug|x86.ActiveCfg = Debug|Any CPU
		{64091A5B-0868-4421-9E0B-8DB15F79977E}.Debug|x86.Build.0 = Debug|Any CPU
		{64091A5B-0868-4421-9E0B-8DB15F79977E}.Release|Any CPU.ActiveCfg = Release|Any CPU
		{64091A5B-0868-4421-9E0B-8DB15F79977E}.Release|Any CPU.Build.0 = Release|Any CPU
		{64091A5B-0868-4421-9E0B-8DB15F79977E}.Release|x64.ActiveCfg = Release|Any CPU
		{64091A5B-0868-4421-9E0B-8DB15F79977E}.Release|x64.Build.0 = Release|Any CPU
		{64091A5B-0868-4421-9E0B-8DB15F79977E}.Release|x86.ActiveCfg = Release|Any CPU
		{64091A5B-0868-4421-9E0B-8DB15F79977E}.Release|x86.Build.0 = Release|Any CPU
		{368803E4-9AFD-4FAA-8E46-5C89355C16CE}.Debug|Any CPU.ActiveCfg = Debug|Any CPU
		{368803E4-9AFD-4FAA-8E46-5C89355C16CE}.Debug|Any CPU.Build.0 = Debug|Any CPU
		{368803E4-9AFD-4FAA-8E46-5C89355C16CE}.Debug|x64.ActiveCfg = Debug|Any CPU
		{368803E4-9AFD-4FAA-8E46-5C89355C16CE}.Debug|x64.Build.0 = Debug|Any CPU
		{368803E4-9AFD-4FAA-8E46-5C89355C16CE}.Debug|x86.ActiveCfg = Debug|Any CPU
		{368803E4-9AFD-4FAA-8E46-5C89355C16CE}.Debug|x86.Build.0 = Debug|Any CPU
		{368803E4-9AFD-4FAA-8E46-5C89355C16CE}.Release|Any CPU.ActiveCfg = Release|Any CPU
		{368803E4-9AFD-4FAA-8E46-5C89355C16CE}.Release|Any CPU.Build.0 = Release|Any CPU
		{368803E4-9AFD-4FAA-8E46-5C89355C16CE}.Release|x64.ActiveCfg = Release|Any CPU
		{368803E4-9AFD-4FAA-8E46-5C89355C16CE}.Release|x64.Build.0 = Release|Any CPU
		{368803E4-9AFD-4FAA-8E46-5C89355C16CE}.Release|x86.ActiveCfg = Release|Any CPU
		{368803E4-9AFD-4FAA-8E46-5C89355C16CE}.Release|x86.Build.0 = Release|Any CPU
		{523B2708-F3BD-43F6-B485-A19ABAC1D99C}.Debug|Any CPU.ActiveCfg = Debug|Any CPU
		{523B2708-F3BD-43F6-B485-A19ABAC1D99C}.Debug|Any CPU.Build.0 = Debug|Any CPU
		{523B2708-F3BD-43F6-B485-A19ABAC1D99C}.Debug|x64.ActiveCfg = Debug|Any CPU
		{523B2708-F3BD-43F6-B485-A19ABAC1D99C}.Debug|x64.Build.0 = Debug|Any CPU
		{523B2708-F3BD-43F6-B485-A19ABAC1D99C}.Debug|x86.ActiveCfg = Debug|Any CPU
		{523B2708-F3BD-43F6-B485-A19ABAC1D99C}.Debug|x86.Build.0 = Debug|Any CPU
		{523B2708-F3BD-43F6-B485-A19ABAC1D99C}.Release|Any CPU.ActiveCfg = Release|Any CPU
		{523B2708-F3BD-43F6-B485-A19ABAC1D99C}.Release|Any CPU.Build.0 = Release|Any CPU
		{523B2708-F3BD-43F6-B485-A19ABAC1D99C}.Release|x64.ActiveCfg = Release|Any CPU
		{523B2708-F3BD-43F6-B485-A19ABAC1D99C}.Release|x64.Build.0 = Release|Any CPU
		{523B2708-F3BD-43F6-B485-A19ABAC1D99C}.Release|x86.ActiveCfg = Release|Any CPU
		{523B2708-F3BD-43F6-B485-A19ABAC1D99C}.Release|x86.Build.0 = Release|Any CPU
	EndGlobalSection
EndGlobal
